// !$*UTF8*$!
{
	archiveVersion = 1;
	classes = {
	};
	objectVersion = 56;
	objects = {

/* Begin PBXBuildFile section */
		99936C01291D5CA900D6817C /* LiveMapViewController.swift in Sources */ = {isa = PBXBuildFile; fileRef = 99936C00291D5CA900D6817C /* LiveMapViewController.swift */; };
		99936C05291DC69C00D6817C /* guideUserMap000.json in Resources */ = {isa = PBXBuildFile; fileRef = 99936C04291DC69C00D6817C /* guideUserMap000.json */; };
		99936C08291F09B100D6817C /* GoogleMapsUtils in Frameworks */ = {isa = PBXBuildFile; productRef = 99936C07291F09B100D6817C /* GoogleMapsUtils */; };
		99936C0B291F10A700D6817C /* PDFMapViewController.swift in Sources */ = {isa = PBXBuildFile; fileRef = 99936C0A291F10A700D6817C /* PDFMapViewController.swift */; };
		99936C112920122F00D6817C /* Subway Map.pdf in Resources */ = {isa = PBXBuildFile; fileRef = 99936C102920122F00D6817C /* Subway Map.pdf */; };
		99936C132920123800D6817C /* Night Subway Map.pdf in Resources */ = {isa = PBXBuildFile; fileRef = 99936C122920123800D6817C /* Night Subway Map.pdf */; };
		99936C152920375300D6817C /* OutageViewController.swift in Sources */ = {isa = PBXBuildFile; fileRef = 99936C142920375300D6817C /* OutageViewController.swift */; };
		99936C1729203EDF00D6817C /* OutageViewModel.swift in Sources */ = {isa = PBXBuildFile; fileRef = 99936C1629203EDF00D6817C /* OutageViewModel.swift */; };
		99936C1B2921B7F000D6817C /* OutageDetailViewController.swift in Sources */ = {isa = PBXBuildFile; fileRef = 99936C1A2921B7F000D6817C /* OutageDetailViewController.swift */; };
		99936C1E292ED54700D6817C /* RouteModel.swift in Sources */ = {isa = PBXBuildFile; fileRef = 99936C1D292ED54700D6817C /* RouteModel.swift */; };
		99E0D1E72907518300A7D6B7 /* AppDelegate.swift in Sources */ = {isa = PBXBuildFile; fileRef = 99E0D1E62907518300A7D6B7 /* AppDelegate.swift */; };
		99E0D1E92907518300A7D6B7 /* SceneDelegate.swift in Sources */ = {isa = PBXBuildFile; fileRef = 99E0D1E82907518300A7D6B7 /* SceneDelegate.swift */; };
		99E0D1EB2907518300A7D6B7 /* MapViewController.swift in Sources */ = {isa = PBXBuildFile; fileRef = 99E0D1EA2907518300A7D6B7 /* MapViewController.swift */; };
		99E0D1F02907518400A7D6B7 /* Assets.xcassets in Resources */ = {isa = PBXBuildFile; fileRef = 99E0D1EF2907518400A7D6B7 /* Assets.xcassets */; };
		99E0D1F32907518400A7D6B7 /* LaunchScreen.storyboard in Resources */ = {isa = PBXBuildFile; fileRef = 99E0D1F12907518400A7D6B7 /* LaunchScreen.storyboard */; };
		99E0D1FE2907518400A7D6B7 /* GuideTests.swift in Sources */ = {isa = PBXBuildFile; fileRef = 99E0D1FD2907518400A7D6B7 /* GuideTests.swift */; };
		99E0D2082907518400A7D6B7 /* GuideUITests.swift in Sources */ = {isa = PBXBuildFile; fileRef = 99E0D2072907518400A7D6B7 /* GuideUITests.swift */; };
		99E0D20A2907518400A7D6B7 /* GuideUITestsLaunchTests.swift in Sources */ = {isa = PBXBuildFile; fileRef = 99E0D2092907518400A7D6B7 /* GuideUITestsLaunchTests.swift */; };
		99E0D21A290752BA00A7D6B7 /* GoogleMaps.xcframework in Frameworks */ = {isa = PBXBuildFile; fileRef = 99E0D217290752BA00A7D6B7 /* GoogleMaps.xcframework */; };
		99E0D21C290752BA00A7D6B7 /* GoogleMapsBase.xcframework in Frameworks */ = {isa = PBXBuildFile; fileRef = 99E0D218290752BA00A7D6B7 /* GoogleMapsBase.xcframework */; };
		99E0D21E290752BA00A7D6B7 /* GoogleMapsCore.xcframework in Frameworks */ = {isa = PBXBuildFile; fileRef = 99E0D219290752BA00A7D6B7 /* GoogleMapsCore.xcframework */; };
		99E0D2222907533100A7D6B7 /* GoogleMaps.framework in Frameworks */ = {isa = PBXBuildFile; fileRef = 99E0D2212907533100A7D6B7 /* GoogleMaps.framework */; };
		99E0D2242907534200A7D6B7 /* UIKit.framework in Frameworks */ = {isa = PBXBuildFile; fileRef = 99E0D2232907534200A7D6B7 /* UIKit.framework */; };
		99E0D2262907534900A7D6B7 /* SystemConfiguration.framework in Frameworks */ = {isa = PBXBuildFile; fileRef = 99E0D2252907534900A7D6B7 /* SystemConfiguration.framework */; };
		99E0D2282907535000A7D6B7 /* QuartzCore.framework in Frameworks */ = {isa = PBXBuildFile; fileRef = 99E0D2272907535000A7D6B7 /* QuartzCore.framework */; };
		99E0D22A2907535800A7D6B7 /* OpenGLES.framework in Frameworks */ = {isa = PBXBuildFile; fileRef = 99E0D2292907535800A7D6B7 /* OpenGLES.framework */; };
		99E0D22C2907535E00A7D6B7 /* Metal.framework in Frameworks */ = {isa = PBXBuildFile; fileRef = 99E0D22B2907535E00A7D6B7 /* Metal.framework */; };
		99E0D22E2907536600A7D6B7 /* libz.tbd in Frameworks */ = {isa = PBXBuildFile; fileRef = 99E0D22D2907536600A7D6B7 /* libz.tbd */; };
		99E0D2302907537200A7D6B7 /* libc++.tbd in Frameworks */ = {isa = PBXBuildFile; fileRef = 99E0D22F2907537200A7D6B7 /* libc++.tbd */; };
		99E0D2322907537900A7D6B7 /* ImageIO.framework in Frameworks */ = {isa = PBXBuildFile; fileRef = 99E0D2312907537900A7D6B7 /* ImageIO.framework */; };
		99E0D2342907537F00A7D6B7 /* GLKit.framework in Frameworks */ = {isa = PBXBuildFile; fileRef = 99E0D2332907537F00A7D6B7 /* GLKit.framework */; };
		99E0D2362907538500A7D6B7 /* CoreText.framework in Frameworks */ = {isa = PBXBuildFile; fileRef = 99E0D2352907538500A7D6B7 /* CoreText.framework */; };
		99E0D2382907538E00A7D6B7 /* CoreTelephony.framework in Frameworks */ = {isa = PBXBuildFile; fileRef = 99E0D2372907538E00A7D6B7 /* CoreTelephony.framework */; };
		99E0D23A2907539400A7D6B7 /* CoreLocation.framework in Frameworks */ = {isa = PBXBuildFile; fileRef = 99E0D2392907539400A7D6B7 /* CoreLocation.framework */; };
		99E0D23C2907539B00A7D6B7 /* CoreImage.framework in Frameworks */ = {isa = PBXBuildFile; fileRef = 99E0D23B2907539B00A7D6B7 /* CoreImage.framework */; };
		99E0D23E290753A100A7D6B7 /* CoreGraphics.framework in Frameworks */ = {isa = PBXBuildFile; fileRef = 99E0D23D290753A100A7D6B7 /* CoreGraphics.framework */; };
		99E0D240290753AA00A7D6B7 /* CoreData.framework in Frameworks */ = {isa = PBXBuildFile; fileRef = 99E0D23F290753AA00A7D6B7 /* CoreData.framework */; };
		99E0D242290753B000A7D6B7 /* Accelerate.framework in Frameworks */ = {isa = PBXBuildFile; fileRef = 99E0D241290753B000A7D6B7 /* Accelerate.framework */; };
		99E0D246290754A600A7D6B7 /* GoogleMaps.bundle in Resources */ = {isa = PBXBuildFile; fileRef = 99E0D245290754A600A7D6B7 /* GoogleMaps.bundle */; };
		99E0D2492908167A00A7D6B7 /* MapViewModel.swift in Sources */ = {isa = PBXBuildFile; fileRef = 99E0D2482908167A00A7D6B7 /* MapViewModel.swift */; };
		99E0D24B2908289F00A7D6B7 /* subway.json in Resources */ = {isa = PBXBuildFile; fileRef = 99E0D24A2908289F00A7D6B7 /* subway.json */; };
		99E0D24D29082A6300A7D6B7 /* ExitModel.swift in Sources */ = {isa = PBXBuildFile; fileRef = 99E0D24C29082A6300A7D6B7 /* ExitModel.swift */; };
		99E0D25029084EEA00A7D6B7 /* NetworkManager.swift in Sources */ = {isa = PBXBuildFile; fileRef = 99E0D24F29084EEA00A7D6B7 /* NetworkManager.swift */; };
		99E0D2542909871600A7D6B7 /* Constants.swift in Sources */ = {isa = PBXBuildFile; fileRef = 99E0D2532909871600A7D6B7 /* Constants.swift */; };
		99E0D2562909910D00A7D6B7 /* ElevatorEscalatorStatusModel.swift in Sources */ = {isa = PBXBuildFile; fileRef = 99E0D2552909910D00A7D6B7 /* ElevatorEscalatorStatusModel.swift */; };
		99E0D2592909CFE300A7D6B7 /* ServiceEntityModel.swift in Sources */ = {isa = PBXBuildFile; fileRef = 99E0D2582909CFE300A7D6B7 /* ServiceEntityModel.swift */; };
		99E0D25B290F116500A7D6B7 /* Colors.swift in Sources */ = {isa = PBXBuildFile; fileRef = 99E0D25A290F116500A7D6B7 /* Colors.swift */; };
		99E0D25D2911848100A7D6B7 /* ExitCalloutView.swift in Sources */ = {isa = PBXBuildFile; fileRef = 99E0D25C2911848100A7D6B7 /* ExitCalloutView.swift */; };
		99E0D25F2911DBB100A7D6B7 /* SubwayTileLabel.swift in Sources */ = {isa = PBXBuildFile; fileRef = 99E0D25E2911DBB100A7D6B7 /* SubwayTileLabel.swift */; };
/* End PBXBuildFile section */

/* Begin PBXContainerItemProxy section */
		99E0D1FA2907518400A7D6B7 /* PBXContainerItemProxy */ = {
			isa = PBXContainerItemProxy;
			containerPortal = 99E0D1DB2907518300A7D6B7 /* Project object */;
			proxyType = 1;
			remoteGlobalIDString = 99E0D1E22907518300A7D6B7;
			remoteInfo = Guide;
		};
		99E0D2042907518400A7D6B7 /* PBXContainerItemProxy */ = {
			isa = PBXContainerItemProxy;
			containerPortal = 99E0D1DB2907518300A7D6B7 /* Project object */;
			proxyType = 1;
			remoteGlobalIDString = 99E0D1E22907518300A7D6B7;
			remoteInfo = Guide;
		};
/* End PBXContainerItemProxy section */

/* Begin PBXFileReference section */
		99936C00291D5CA900D6817C /* LiveMapViewController.swift */ = {isa = PBXFileReference; lastKnownFileType = sourcecode.swift; path = LiveMapViewController.swift; sourceTree = "<group>"; };
		99936C04291DC69C00D6817C /* guideUserMap000.json */ = {isa = PBXFileReference; fileEncoding = 4; lastKnownFileType = text.json; path = guideUserMap000.json; sourceTree = SOURCE_ROOT; };
		99936C0A291F10A700D6817C /* PDFMapViewController.swift */ = {isa = PBXFileReference; lastKnownFileType = sourcecode.swift; path = PDFMapViewController.swift; sourceTree = "<group>"; };
		99936C102920122F00D6817C /* Subway Map.pdf */ = {isa = PBXFileReference; lastKnownFileType = image.pdf; path = "Subway Map.pdf"; sourceTree = "<group>"; };
		99936C122920123800D6817C /* Night Subway Map.pdf */ = {isa = PBXFileReference; lastKnownFileType = image.pdf; path = "Night Subway Map.pdf"; sourceTree = "<group>"; };
		99936C142920375300D6817C /* OutageViewController.swift */ = {isa = PBXFileReference; lastKnownFileType = sourcecode.swift; path = OutageViewController.swift; sourceTree = "<group>"; };
		99936C1629203EDF00D6817C /* OutageViewModel.swift */ = {isa = PBXFileReference; lastKnownFileType = sourcecode.swift; path = OutageViewModel.swift; sourceTree = "<group>"; };
		99936C1A2921B7F000D6817C /* OutageDetailViewController.swift */ = {isa = PBXFileReference; lastKnownFileType = sourcecode.swift; path = OutageDetailViewController.swift; sourceTree = "<group>"; };
		99936C1D292ED54700D6817C /* RouteModel.swift */ = {isa = PBXFileReference; lastKnownFileType = sourcecode.swift; path = RouteModel.swift; sourceTree = "<group>"; };
		99E0D1E32907518300A7D6B7 /* Guide.app */ = {isa = PBXFileReference; explicitFileType = wrapper.application; includeInIndex = 0; path = Guide.app; sourceTree = BUILT_PRODUCTS_DIR; };
		99E0D1E62907518300A7D6B7 /* AppDelegate.swift */ = {isa = PBXFileReference; lastKnownFileType = sourcecode.swift; path = AppDelegate.swift; sourceTree = "<group>"; };
		99E0D1E82907518300A7D6B7 /* SceneDelegate.swift */ = {isa = PBXFileReference; lastKnownFileType = sourcecode.swift; path = SceneDelegate.swift; sourceTree = "<group>"; };
		99E0D1EA2907518300A7D6B7 /* MapViewController.swift */ = {isa = PBXFileReference; lastKnownFileType = sourcecode.swift; path = MapViewController.swift; sourceTree = "<group>"; };
		99E0D1EF2907518400A7D6B7 /* Assets.xcassets */ = {isa = PBXFileReference; lastKnownFileType = folder.assetcatalog; path = Assets.xcassets; sourceTree = "<group>"; };
		99E0D1F22907518400A7D6B7 /* Base */ = {isa = PBXFileReference; lastKnownFileType = file.storyboard; name = Base; path = Base.lproj/LaunchScreen.storyboard; sourceTree = "<group>"; };
		99E0D1F42907518400A7D6B7 /* Info.plist */ = {isa = PBXFileReference; lastKnownFileType = text.plist.xml; path = Info.plist; sourceTree = "<group>"; };
		99E0D1F92907518400A7D6B7 /* GuideTests.xctest */ = {isa = PBXFileReference; explicitFileType = wrapper.cfbundle; includeInIndex = 0; path = GuideTests.xctest; sourceTree = BUILT_PRODUCTS_DIR; };
		99E0D1FD2907518400A7D6B7 /* GuideTests.swift */ = {isa = PBXFileReference; lastKnownFileType = sourcecode.swift; path = GuideTests.swift; sourceTree = "<group>"; };
		99E0D2032907518400A7D6B7 /* GuideUITests.xctest */ = {isa = PBXFileReference; explicitFileType = wrapper.cfbundle; includeInIndex = 0; path = GuideUITests.xctest; sourceTree = BUILT_PRODUCTS_DIR; };
		99E0D2072907518400A7D6B7 /* GuideUITests.swift */ = {isa = PBXFileReference; lastKnownFileType = sourcecode.swift; path = GuideUITests.swift; sourceTree = "<group>"; };
		99E0D2092907518400A7D6B7 /* GuideUITestsLaunchTests.swift */ = {isa = PBXFileReference; lastKnownFileType = sourcecode.swift; path = GuideUITestsLaunchTests.swift; sourceTree = "<group>"; };
		99E0D217290752BA00A7D6B7 /* GoogleMaps.xcframework */ = {isa = PBXFileReference; lastKnownFileType = wrapper.xcframework; name = GoogleMaps.xcframework; path = "GoogleMaps-7.1.0-beta/GoogleMaps.xcframework"; sourceTree = "<group>"; };
		99E0D218290752BA00A7D6B7 /* GoogleMapsBase.xcframework */ = {isa = PBXFileReference; lastKnownFileType = wrapper.xcframework; name = GoogleMapsBase.xcframework; path = "GoogleMaps-7.1.0-beta/GoogleMapsBase.xcframework"; sourceTree = "<group>"; };
		99E0D219290752BA00A7D6B7 /* GoogleMapsCore.xcframework */ = {isa = PBXFileReference; lastKnownFileType = wrapper.xcframework; name = GoogleMapsCore.xcframework; path = "GoogleMaps-7.1.0-beta/GoogleMapsCore.xcframework"; sourceTree = "<group>"; };
		99E0D2212907533100A7D6B7 /* GoogleMaps.framework */ = {isa = PBXFileReference; lastKnownFileType = wrapper.framework; name = GoogleMaps.framework; path = "GoogleMaps-7.1.0-beta/GoogleMaps.xcframework/ios-arm64_x86_64-simulator/GoogleMaps.framework"; sourceTree = "<group>"; };
		99E0D2232907534200A7D6B7 /* UIKit.framework */ = {isa = PBXFileReference; lastKnownFileType = wrapper.framework; name = UIKit.framework; path = System/Library/Frameworks/UIKit.framework; sourceTree = SDKROOT; };
		99E0D2252907534900A7D6B7 /* SystemConfiguration.framework */ = {isa = PBXFileReference; lastKnownFileType = wrapper.framework; name = SystemConfiguration.framework; path = System/Library/Frameworks/SystemConfiguration.framework; sourceTree = SDKROOT; };
		99E0D2272907535000A7D6B7 /* QuartzCore.framework */ = {isa = PBXFileReference; lastKnownFileType = wrapper.framework; name = QuartzCore.framework; path = System/Library/Frameworks/QuartzCore.framework; sourceTree = SDKROOT; };
		99E0D2292907535800A7D6B7 /* OpenGLES.framework */ = {isa = PBXFileReference; lastKnownFileType = wrapper.framework; name = OpenGLES.framework; path = System/Library/Frameworks/OpenGLES.framework; sourceTree = SDKROOT; };
		99E0D22B2907535E00A7D6B7 /* Metal.framework */ = {isa = PBXFileReference; lastKnownFileType = wrapper.framework; name = Metal.framework; path = System/Library/Frameworks/Metal.framework; sourceTree = SDKROOT; };
		99E0D22D2907536600A7D6B7 /* libz.tbd */ = {isa = PBXFileReference; lastKnownFileType = "sourcecode.text-based-dylib-definition"; name = libz.tbd; path = usr/lib/libz.tbd; sourceTree = SDKROOT; };
		99E0D22F2907537200A7D6B7 /* libc++.tbd */ = {isa = PBXFileReference; lastKnownFileType = "sourcecode.text-based-dylib-definition"; name = "libc++.tbd"; path = "usr/lib/libc++.tbd"; sourceTree = SDKROOT; };
		99E0D2312907537900A7D6B7 /* ImageIO.framework */ = {isa = PBXFileReference; lastKnownFileType = wrapper.framework; name = ImageIO.framework; path = System/Library/Frameworks/ImageIO.framework; sourceTree = SDKROOT; };
		99E0D2332907537F00A7D6B7 /* GLKit.framework */ = {isa = PBXFileReference; lastKnownFileType = wrapper.framework; name = GLKit.framework; path = System/Library/Frameworks/GLKit.framework; sourceTree = SDKROOT; };
		99E0D2352907538500A7D6B7 /* CoreText.framework */ = {isa = PBXFileReference; lastKnownFileType = wrapper.framework; name = CoreText.framework; path = System/Library/Frameworks/CoreText.framework; sourceTree = SDKROOT; };
		99E0D2372907538E00A7D6B7 /* CoreTelephony.framework */ = {isa = PBXFileReference; lastKnownFileType = wrapper.framework; name = CoreTelephony.framework; path = System/Library/Frameworks/CoreTelephony.framework; sourceTree = SDKROOT; };
		99E0D2392907539400A7D6B7 /* CoreLocation.framework */ = {isa = PBXFileReference; lastKnownFileType = wrapper.framework; name = CoreLocation.framework; path = System/Library/Frameworks/CoreLocation.framework; sourceTree = SDKROOT; };
		99E0D23B2907539B00A7D6B7 /* CoreImage.framework */ = {isa = PBXFileReference; lastKnownFileType = wrapper.framework; name = CoreImage.framework; path = System/Library/Frameworks/CoreImage.framework; sourceTree = SDKROOT; };
		99E0D23D290753A100A7D6B7 /* CoreGraphics.framework */ = {isa = PBXFileReference; lastKnownFileType = wrapper.framework; name = CoreGraphics.framework; path = System/Library/Frameworks/CoreGraphics.framework; sourceTree = SDKROOT; };
		99E0D23F290753AA00A7D6B7 /* CoreData.framework */ = {isa = PBXFileReference; lastKnownFileType = wrapper.framework; name = CoreData.framework; path = System/Library/Frameworks/CoreData.framework; sourceTree = SDKROOT; };
		99E0D241290753B000A7D6B7 /* Accelerate.framework */ = {isa = PBXFileReference; lastKnownFileType = wrapper.framework; name = Accelerate.framework; path = System/Library/Frameworks/Accelerate.framework; sourceTree = SDKROOT; };
		99E0D2432907548000A7D6B7 /* GoogleMaps.framework */ = {isa = PBXFileReference; lastKnownFileType = wrapper.framework; name = GoogleMaps.framework; path = "GoogleMaps-7.1.0-beta/GoogleMaps.xcframework/ios-arm64_x86_64-simulator/GoogleMaps.framework"; sourceTree = "<group>"; };
		99E0D245290754A600A7D6B7 /* GoogleMaps.bundle */ = {isa = PBXFileReference; lastKnownFileType = "wrapper.plug-in"; name = GoogleMaps.bundle; path = "GoogleMaps-7.1.0-beta/GoogleMaps.xcframework/ios-arm64_x86_64-simulator/GoogleMaps.framework/Resources/GoogleMaps.bundle"; sourceTree = "<group>"; };
		99E0D2482908167A00A7D6B7 /* MapViewModel.swift */ = {isa = PBXFileReference; lastKnownFileType = sourcecode.swift; path = MapViewModel.swift; sourceTree = "<group>"; };
		99E0D24A2908289F00A7D6B7 /* subway.json */ = {isa = PBXFileReference; fileEncoding = 4; lastKnownFileType = text.json; path = subway.json; sourceTree = "<group>"; };
		99E0D24C29082A6300A7D6B7 /* ExitModel.swift */ = {isa = PBXFileReference; lastKnownFileType = sourcecode.swift; path = ExitModel.swift; sourceTree = "<group>"; };
		99E0D24F29084EEA00A7D6B7 /* NetworkManager.swift */ = {isa = PBXFileReference; lastKnownFileType = sourcecode.swift; path = NetworkManager.swift; sourceTree = "<group>"; };
		99E0D2532909871600A7D6B7 /* Constants.swift */ = {isa = PBXFileReference; lastKnownFileType = sourcecode.swift; path = Constants.swift; sourceTree = "<group>"; };
		99E0D2552909910D00A7D6B7 /* ElevatorEscalatorStatusModel.swift */ = {isa = PBXFileReference; lastKnownFileType = sourcecode.swift; path = ElevatorEscalatorStatusModel.swift; sourceTree = "<group>"; };
		99E0D2582909CFE300A7D6B7 /* ServiceEntityModel.swift */ = {isa = PBXFileReference; lastKnownFileType = sourcecode.swift; path = ServiceEntityModel.swift; sourceTree = "<group>"; };
		99E0D25A290F116500A7D6B7 /* Colors.swift */ = {isa = PBXFileReference; lastKnownFileType = sourcecode.swift; path = Colors.swift; sourceTree = "<group>"; };
		99E0D25C2911848100A7D6B7 /* ExitCalloutView.swift */ = {isa = PBXFileReference; lastKnownFileType = sourcecode.swift; path = ExitCalloutView.swift; sourceTree = "<group>"; };
		99E0D25E2911DBB100A7D6B7 /* SubwayTileLabel.swift */ = {isa = PBXFileReference; lastKnownFileType = sourcecode.swift; path = SubwayTileLabel.swift; sourceTree = "<group>"; };
/* End PBXFileReference section */

/* Begin PBXFrameworksBuildPhase section */
		99E0D1E02907518300A7D6B7 /* Frameworks */ = {
			isa = PBXFrameworksBuildPhase;
			buildActionMask = 2147483647;
			files = (
				99E0D242290753B000A7D6B7 /* Accelerate.framework in Frameworks */,
				99E0D240290753AA00A7D6B7 /* CoreData.framework in Frameworks */,
				99E0D23E290753A100A7D6B7 /* CoreGraphics.framework in Frameworks */,
				99E0D23C2907539B00A7D6B7 /* CoreImage.framework in Frameworks */,
				99E0D23A2907539400A7D6B7 /* CoreLocation.framework in Frameworks */,
				99E0D2382907538E00A7D6B7 /* CoreTelephony.framework in Frameworks */,
				99E0D2362907538500A7D6B7 /* CoreText.framework in Frameworks */,
				99E0D2342907537F00A7D6B7 /* GLKit.framework in Frameworks */,
				99E0D2322907537900A7D6B7 /* ImageIO.framework in Frameworks */,
				99E0D2302907537200A7D6B7 /* libc++.tbd in Frameworks */,
				99E0D22E2907536600A7D6B7 /* libz.tbd in Frameworks */,
				99E0D22C2907535E00A7D6B7 /* Metal.framework in Frameworks */,
				99E0D22A2907535800A7D6B7 /* OpenGLES.framework in Frameworks */,
				99E0D2282907535000A7D6B7 /* QuartzCore.framework in Frameworks */,
				99E0D2262907534900A7D6B7 /* SystemConfiguration.framework in Frameworks */,
				99936C08291F09B100D6817C /* GoogleMapsUtils in Frameworks */,
				99E0D2242907534200A7D6B7 /* UIKit.framework in Frameworks */,
				99E0D21E290752BA00A7D6B7 /* GoogleMapsCore.xcframework in Frameworks */,
				99E0D21C290752BA00A7D6B7 /* GoogleMapsBase.xcframework in Frameworks */,
				99E0D2222907533100A7D6B7 /* GoogleMaps.framework in Frameworks */,
				99E0D21A290752BA00A7D6B7 /* GoogleMaps.xcframework in Frameworks */,
			);
			runOnlyForDeploymentPostprocessing = 0;
		};
		99E0D1F62907518400A7D6B7 /* Frameworks */ = {
			isa = PBXFrameworksBuildPhase;
			buildActionMask = 2147483647;
			files = (
			);
			runOnlyForDeploymentPostprocessing = 0;
		};
		99E0D2002907518400A7D6B7 /* Frameworks */ = {
			isa = PBXFrameworksBuildPhase;
			buildActionMask = 2147483647;
			files = (
			);
			runOnlyForDeploymentPostprocessing = 0;
		};
/* End PBXFrameworksBuildPhase section */

/* Begin PBXGroup section */
		99936BFE291C04CD00D6817C /* Exit */ = {
			isa = PBXGroup;
			children = (
				99E0D24C29082A6300A7D6B7 /* ExitModel.swift */,
				99E0D25C2911848100A7D6B7 /* ExitCalloutView.swift */,
			);
			path = Exit;
			sourceTree = "<group>";
		};
		99936BFF291D5BF300D6817C /* LiveMap */ = {
			isa = PBXGroup;
			children = (
				99936C00291D5CA900D6817C /* LiveMapViewController.swift */,
			);
			path = LiveMap;
			sourceTree = "<group>";
		};
		99936C09291F108A00D6817C /* PDFMap */ = {
			isa = PBXGroup;
			children = (
				99936C0A291F10A700D6817C /* PDFMapViewController.swift */,
			);
			path = PDFMap;
			sourceTree = "<group>";
		};
		99936C1C292ED20300D6817C /* Route */ = {
			isa = PBXGroup;
			children = (
				99936C1D292ED54700D6817C /* RouteModel.swift */,
			);
			path = Route;
			sourceTree = "<group>";
		};
		99E0D1DA2907518300A7D6B7 = {
			isa = PBXGroup;
			children = (
				99E0D245290754A600A7D6B7 /* GoogleMaps.bundle */,
				99E0D2432907548000A7D6B7 /* GoogleMaps.framework */,
				99E0D1E52907518300A7D6B7 /* Guide */,
				99E0D1FC2907518400A7D6B7 /* GuideTests */,
				99E0D2062907518400A7D6B7 /* GuideUITests */,
				99E0D1E42907518300A7D6B7 /* Products */,
				99E0D216290752BA00A7D6B7 /* Frameworks */,
			);
			sourceTree = "<group>";
		};
		99E0D1E42907518300A7D6B7 /* Products */ = {
			isa = PBXGroup;
			children = (
				99E0D1E32907518300A7D6B7 /* Guide.app */,
				99E0D1F92907518400A7D6B7 /* GuideTests.xctest */,
				99E0D2032907518400A7D6B7 /* GuideUITests.xctest */,
			);
			name = Products;
			sourceTree = "<group>";
		};
		99E0D1E52907518300A7D6B7 /* Guide */ = {
			isa = PBXGroup;
			children = (
				99936C09291F108A00D6817C /* PDFMap */,
				99E0D2572909CFC800A7D6B7 /* ServiceStatus */,
				99E0D24E29084DED00A7D6B7 /* Outage */,
				99E0D247290814A100A7D6B7 /* Map */,
				99936BFF291D5BF300D6817C /* LiveMap */,
				99E0D1E62907518300A7D6B7 /* AppDelegate.swift */,
				99E0D1E82907518300A7D6B7 /* SceneDelegate.swift */,
				99E0D24F29084EEA00A7D6B7 /* NetworkManager.swift */,
				99E0D2532909871600A7D6B7 /* Constants.swift */,
				99E0D25A290F116500A7D6B7 /* Colors.swift */,
				99E0D1EF2907518400A7D6B7 /* Assets.xcassets */,
				99E0D1F12907518400A7D6B7 /* LaunchScreen.storyboard */,
				99936C04291DC69C00D6817C /* guideUserMap000.json */,
				99936C102920122F00D6817C /* Subway Map.pdf */,
				99936C122920123800D6817C /* Night Subway Map.pdf */,
				99E0D24A2908289F00A7D6B7 /* subway.json */,
				99E0D1F42907518400A7D6B7 /* Info.plist */,
			);
			path = Guide;
			sourceTree = "<group>";
		};
		99E0D1FC2907518400A7D6B7 /* GuideTests */ = {
			isa = PBXGroup;
			children = (
				99E0D1FD2907518400A7D6B7 /* GuideTests.swift */,
			);
			path = GuideTests;
			sourceTree = "<group>";
		};
		99E0D2062907518400A7D6B7 /* GuideUITests */ = {
			isa = PBXGroup;
			children = (
				99E0D2072907518400A7D6B7 /* GuideUITests.swift */,
				99E0D2092907518400A7D6B7 /* GuideUITestsLaunchTests.swift */,
			);
			path = GuideUITests;
			sourceTree = "<group>";
		};
		99E0D216290752BA00A7D6B7 /* Frameworks */ = {
			isa = PBXGroup;
			children = (
				99E0D241290753B000A7D6B7 /* Accelerate.framework */,
				99E0D23F290753AA00A7D6B7 /* CoreData.framework */,
				99E0D23D290753A100A7D6B7 /* CoreGraphics.framework */,
				99E0D23B2907539B00A7D6B7 /* CoreImage.framework */,
				99E0D2392907539400A7D6B7 /* CoreLocation.framework */,
				99E0D2372907538E00A7D6B7 /* CoreTelephony.framework */,
				99E0D2352907538500A7D6B7 /* CoreText.framework */,
				99E0D2332907537F00A7D6B7 /* GLKit.framework */,
				99E0D2312907537900A7D6B7 /* ImageIO.framework */,
				99E0D22F2907537200A7D6B7 /* libc++.tbd */,
				99E0D22D2907536600A7D6B7 /* libz.tbd */,
				99E0D22B2907535E00A7D6B7 /* Metal.framework */,
				99E0D2292907535800A7D6B7 /* OpenGLES.framework */,
				99E0D2272907535000A7D6B7 /* QuartzCore.framework */,
				99E0D2252907534900A7D6B7 /* SystemConfiguration.framework */,
				99E0D2232907534200A7D6B7 /* UIKit.framework */,
				99E0D217290752BA00A7D6B7 /* GoogleMaps.xcframework */,
				99E0D218290752BA00A7D6B7 /* GoogleMapsBase.xcframework */,
				99E0D219290752BA00A7D6B7 /* GoogleMapsCore.xcframework */,
				99E0D2212907533100A7D6B7 /* GoogleMaps.framework */,
			);
			name = Frameworks;
			sourceTree = "<group>";
		};
		99E0D247290814A100A7D6B7 /* Map */ = {
			isa = PBXGroup;
			children = (
				99936C1C292ED20300D6817C /* Route */,
				99E0D2482908167A00A7D6B7 /* MapViewModel.swift */,
				99E0D1EA2907518300A7D6B7 /* MapViewController.swift */,
				99936BFE291C04CD00D6817C /* Exit */,
				99E0D25E2911DBB100A7D6B7 /* SubwayTileLabel.swift */,
			);
			path = Map;
			sourceTree = "<group>";
		};
		99E0D24E29084DED00A7D6B7 /* Outage */ = {
			isa = PBXGroup;
			children = (
				99E0D2552909910D00A7D6B7 /* ElevatorEscalatorStatusModel.swift */,
				99936C142920375300D6817C /* OutageViewController.swift */,
				99936C1629203EDF00D6817C /* OutageViewModel.swift */,
				99936C1A2921B7F000D6817C /* OutageDetailViewController.swift */,
			);
			path = Outage;
			sourceTree = "<group>";
		};
		99E0D2572909CFC800A7D6B7 /* ServiceStatus */ = {
			isa = PBXGroup;
			children = (
				99E0D2582909CFE300A7D6B7 /* ServiceEntityModel.swift */,
			);
			path = ServiceStatus;
			sourceTree = "<group>";
		};
/* End PBXGroup section */

/* Begin PBXNativeTarget section */
		99E0D1E22907518300A7D6B7 /* Guide */ = {
			isa = PBXNativeTarget;
			buildConfigurationList = 99E0D20D2907518400A7D6B7 /* Build configuration list for PBXNativeTarget "Guide" */;
			buildPhases = (
				99E0D1DF2907518300A7D6B7 /* Sources */,
				99E0D1E02907518300A7D6B7 /* Frameworks */,
				99E0D1E12907518300A7D6B7 /* Resources */,
			);
			buildRules = (
			);
			dependencies = (
			);
			name = Guide;
			packageProductDependencies = (
				99936C07291F09B100D6817C /* GoogleMapsUtils */,
			);
			productName = Guide;
			productReference = 99E0D1E32907518300A7D6B7 /* Guide.app */;
			productType = "com.apple.product-type.application";
		};
		99E0D1F82907518400A7D6B7 /* GuideTests */ = {
			isa = PBXNativeTarget;
			buildConfigurationList = 99E0D2102907518400A7D6B7 /* Build configuration list for PBXNativeTarget "GuideTests" */;
			buildPhases = (
				99E0D1F52907518400A7D6B7 /* Sources */,
				99E0D1F62907518400A7D6B7 /* Frameworks */,
				99E0D1F72907518400A7D6B7 /* Resources */,
			);
			buildRules = (
			);
			dependencies = (
				99E0D1FB2907518400A7D6B7 /* PBXTargetDependency */,
			);
			name = GuideTests;
			productName = GuideTests;
			productReference = 99E0D1F92907518400A7D6B7 /* GuideTests.xctest */;
			productType = "com.apple.product-type.bundle.unit-test";
		};
		99E0D2022907518400A7D6B7 /* GuideUITests */ = {
			isa = PBXNativeTarget;
			buildConfigurationList = 99E0D2132907518400A7D6B7 /* Build configuration list for PBXNativeTarget "GuideUITests" */;
			buildPhases = (
				99E0D1FF2907518400A7D6B7 /* Sources */,
				99E0D2002907518400A7D6B7 /* Frameworks */,
				99E0D2012907518400A7D6B7 /* Resources */,
			);
			buildRules = (
			);
			dependencies = (
				99E0D2052907518400A7D6B7 /* PBXTargetDependency */,
			);
			name = GuideUITests;
			productName = GuideUITests;
			productReference = 99E0D2032907518400A7D6B7 /* GuideUITests.xctest */;
			productType = "com.apple.product-type.bundle.ui-testing";
		};
/* End PBXNativeTarget section */

/* Begin PBXProject section */
		99E0D1DB2907518300A7D6B7 /* Project object */ = {
			isa = PBXProject;
			attributes = {
				BuildIndependentTargetsInParallel = 1;
				LastSwiftUpdateCheck = 1400;
				LastUpgradeCheck = 1400;
				TargetAttributes = {
					99E0D1E22907518300A7D6B7 = {
						CreatedOnToolsVersion = 14.0.1;
					};
					99E0D1F82907518400A7D6B7 = {
						CreatedOnToolsVersion = 14.0.1;
						TestTargetID = 99E0D1E22907518300A7D6B7;
					};
					99E0D2022907518400A7D6B7 = {
						CreatedOnToolsVersion = 14.0.1;
						TestTargetID = 99E0D1E22907518300A7D6B7;
					};
				};
			};
			buildConfigurationList = 99E0D1DE2907518300A7D6B7 /* Build configuration list for PBXProject "Guide" */;
			compatibilityVersion = "Xcode 14.0";
			developmentRegion = en;
			hasScannedForEncodings = 0;
			knownRegions = (
				en,
				Base,
			);
			mainGroup = 99E0D1DA2907518300A7D6B7;
			packageReferences = (
				99936C06291F09B100D6817C /* XCRemoteSwiftPackageReference "google-maps-ios-utils" */,
			);
			productRefGroup = 99E0D1E42907518300A7D6B7 /* Products */;
			projectDirPath = "";
			projectRoot = "";
			targets = (
				99E0D1E22907518300A7D6B7 /* Guide */,
				99E0D1F82907518400A7D6B7 /* GuideTests */,
				99E0D2022907518400A7D6B7 /* GuideUITests */,
			);
		};
/* End PBXProject section */

/* Begin PBXResourcesBuildPhase section */
		99E0D1E12907518300A7D6B7 /* Resources */ = {
			isa = PBXResourcesBuildPhase;
			buildActionMask = 2147483647;
			files = (
				99936C132920123800D6817C /* Night Subway Map.pdf in Resources */,
				99E0D24B2908289F00A7D6B7 /* subway.json in Resources */,
				99E0D1F32907518400A7D6B7 /* LaunchScreen.storyboard in Resources */,
				99936C05291DC69C00D6817C /* guideUserMap000.json in Resources */,
				99E0D1F02907518400A7D6B7 /* Assets.xcassets in Resources */,
				99E0D246290754A600A7D6B7 /* GoogleMaps.bundle in Resources */,
				99936C112920122F00D6817C /* Subway Map.pdf in Resources */,
			);
			runOnlyForDeploymentPostprocessing = 0;
		};
		99E0D1F72907518400A7D6B7 /* Resources */ = {
			isa = PBXResourcesBuildPhase;
			buildActionMask = 2147483647;
			files = (
			);
			runOnlyForDeploymentPostprocessing = 0;
		};
		99E0D2012907518400A7D6B7 /* Resources */ = {
			isa = PBXResourcesBuildPhase;
			buildActionMask = 2147483647;
			files = (
			);
			runOnlyForDeploymentPostprocessing = 0;
		};
/* End PBXResourcesBuildPhase section */

/* Begin PBXSourcesBuildPhase section */
		99E0D1DF2907518300A7D6B7 /* Sources */ = {
			isa = PBXSourcesBuildPhase;
			buildActionMask = 2147483647;
			files = (
				99936C1B2921B7F000D6817C /* OutageDetailViewController.swift in Sources */,
				99E0D25029084EEA00A7D6B7 /* NetworkManager.swift in Sources */,
				99936C1729203EDF00D6817C /* OutageViewModel.swift in Sources */,
				99936C1E292ED54700D6817C /* RouteModel.swift in Sources */,
				99E0D25F2911DBB100A7D6B7 /* SubwayTileLabel.swift in Sources */,
				99E0D25B290F116500A7D6B7 /* Colors.swift in Sources */,
				99936C152920375300D6817C /* OutageViewController.swift in Sources */,
				99936C01291D5CA900D6817C /* LiveMapViewController.swift in Sources */,
				99E0D1EB2907518300A7D6B7 /* MapViewController.swift in Sources */,
				99E0D2592909CFE300A7D6B7 /* ServiceEntityModel.swift in Sources */,
				99936C0B291F10A700D6817C /* PDFMapViewController.swift in Sources */,
				99E0D2562909910D00A7D6B7 /* ElevatorEscalatorStatusModel.swift in Sources */,
				99E0D1E72907518300A7D6B7 /* AppDelegate.swift in Sources */,
				99E0D25D2911848100A7D6B7 /* ExitCalloutView.swift in Sources */,
				99E0D24D29082A6300A7D6B7 /* ExitModel.swift in Sources */,
				99E0D1E92907518300A7D6B7 /* SceneDelegate.swift in Sources */,
				99E0D2492908167A00A7D6B7 /* MapViewModel.swift in Sources */,
				99E0D2542909871600A7D6B7 /* Constants.swift in Sources */,
			);
			runOnlyForDeploymentPostprocessing = 0;
		};
		99E0D1F52907518400A7D6B7 /* Sources */ = {
			isa = PBXSourcesBuildPhase;
			buildActionMask = 2147483647;
			files = (
				99E0D1FE2907518400A7D6B7 /* GuideTests.swift in Sources */,
			);
			runOnlyForDeploymentPostprocessing = 0;
		};
		99E0D1FF2907518400A7D6B7 /* Sources */ = {
			isa = PBXSourcesBuildPhase;
			buildActionMask = 2147483647;
			files = (
				99E0D2082907518400A7D6B7 /* GuideUITests.swift in Sources */,
				99E0D20A2907518400A7D6B7 /* GuideUITestsLaunchTests.swift in Sources */,
			);
			runOnlyForDeploymentPostprocessing = 0;
		};
/* End PBXSourcesBuildPhase section */

/* Begin PBXTargetDependency section */
		99E0D1FB2907518400A7D6B7 /* PBXTargetDependency */ = {
			isa = PBXTargetDependency;
			target = 99E0D1E22907518300A7D6B7 /* Guide */;
			targetProxy = 99E0D1FA2907518400A7D6B7 /* PBXContainerItemProxy */;
		};
		99E0D2052907518400A7D6B7 /* PBXTargetDependency */ = {
			isa = PBXTargetDependency;
			target = 99E0D1E22907518300A7D6B7 /* Guide */;
			targetProxy = 99E0D2042907518400A7D6B7 /* PBXContainerItemProxy */;
		};
/* End PBXTargetDependency section */

/* Begin PBXVariantGroup section */
		99E0D1F12907518400A7D6B7 /* LaunchScreen.storyboard */ = {
			isa = PBXVariantGroup;
			children = (
				99E0D1F22907518400A7D6B7 /* Base */,
			);
			name = LaunchScreen.storyboard;
			sourceTree = "<group>";
		};
/* End PBXVariantGroup section */

/* Begin XCBuildConfiguration section */
		99E0D20B2907518400A7D6B7 /* Debug */ = {
			isa = XCBuildConfiguration;
			buildSettings = {
				ALWAYS_SEARCH_USER_PATHS = NO;
				CLANG_ANALYZER_NONNULL = YES;
				CLANG_ANALYZER_NUMBER_OBJECT_CONVERSION = YES_AGGRESSIVE;
				CLANG_CXX_LANGUAGE_STANDARD = "gnu++20";
				CLANG_ENABLE_MODULES = YES;
				CLANG_ENABLE_OBJC_ARC = YES;
				CLANG_ENABLE_OBJC_WEAK = YES;
				CLANG_WARN_BLOCK_CAPTURE_AUTORELEASING = YES;
				CLANG_WARN_BOOL_CONVERSION = YES;
				CLANG_WARN_COMMA = YES;
				CLANG_WARN_CONSTANT_CONVERSION = YES;
				CLANG_WARN_DEPRECATED_OBJC_IMPLEMENTATIONS = YES;
				CLANG_WARN_DIRECT_OBJC_ISA_USAGE = YES_ERROR;
				CLANG_WARN_DOCUMENTATION_COMMENTS = YES;
				CLANG_WARN_EMPTY_BODY = YES;
				CLANG_WARN_ENUM_CONVERSION = YES;
				CLANG_WARN_INFINITE_RECURSION = YES;
				CLANG_WARN_INT_CONVERSION = YES;
				CLANG_WARN_NON_LITERAL_NULL_CONVERSION = YES;
				CLANG_WARN_OBJC_IMPLICIT_RETAIN_SELF = YES;
				CLANG_WARN_OBJC_LITERAL_CONVERSION = YES;
				CLANG_WARN_OBJC_ROOT_CLASS = YES_ERROR;
				CLANG_WARN_QUOTED_INCLUDE_IN_FRAMEWORK_HEADER = YES;
				CLANG_WARN_RANGE_LOOP_ANALYSIS = YES;
				CLANG_WARN_STRICT_PROTOTYPES = YES;
				CLANG_WARN_SUSPICIOUS_MOVE = YES;
				CLANG_WARN_UNGUARDED_AVAILABILITY = YES_AGGRESSIVE;
				CLANG_WARN_UNREACHABLE_CODE = YES;
				CLANG_WARN__DUPLICATE_METHOD_MATCH = YES;
				COPY_PHASE_STRIP = NO;
				DEBUG_INFORMATION_FORMAT = dwarf;
				ENABLE_STRICT_OBJC_MSGSEND = YES;
				ENABLE_TESTABILITY = YES;
				GCC_C_LANGUAGE_STANDARD = gnu11;
				GCC_DYNAMIC_NO_PIC = NO;
				GCC_NO_COMMON_BLOCKS = YES;
				GCC_OPTIMIZATION_LEVEL = 0;
				GCC_PREPROCESSOR_DEFINITIONS = (
					"DEBUG=1",
					"$(inherited)",
				);
				GCC_WARN_64_TO_32_BIT_CONVERSION = YES;
				GCC_WARN_ABOUT_RETURN_TYPE = YES_ERROR;
				GCC_WARN_UNDECLARED_SELECTOR = YES;
				GCC_WARN_UNINITIALIZED_AUTOS = YES_AGGRESSIVE;
				GCC_WARN_UNUSED_FUNCTION = YES;
				GCC_WARN_UNUSED_VARIABLE = YES;
				IPHONEOS_DEPLOYMENT_TARGET = 16.0;
				MTL_ENABLE_DEBUG_INFO = INCLUDE_SOURCE;
				MTL_FAST_MATH = YES;
				ONLY_ACTIVE_ARCH = YES;
				SDKROOT = iphoneos;
				SWIFT_ACTIVE_COMPILATION_CONDITIONS = DEBUG;
				SWIFT_OPTIMIZATION_LEVEL = "-Onone";
			};
			name = Debug;
		};
		99E0D20C2907518400A7D6B7 /* Release */ = {
			isa = XCBuildConfiguration;
			buildSettings = {
				ALWAYS_SEARCH_USER_PATHS = NO;
				CLANG_ANALYZER_NONNULL = YES;
				CLANG_ANALYZER_NUMBER_OBJECT_CONVERSION = YES_AGGRESSIVE;
				CLANG_CXX_LANGUAGE_STANDARD = "gnu++20";
				CLANG_ENABLE_MODULES = YES;
				CLANG_ENABLE_OBJC_ARC = YES;
				CLANG_ENABLE_OBJC_WEAK = YES;
				CLANG_WARN_BLOCK_CAPTURE_AUTORELEASING = YES;
				CLANG_WARN_BOOL_CONVERSION = YES;
				CLANG_WARN_COMMA = YES;
				CLANG_WARN_CONSTANT_CONVERSION = YES;
				CLANG_WARN_DEPRECATED_OBJC_IMPLEMENTATIONS = YES;
				CLANG_WARN_DIRECT_OBJC_ISA_USAGE = YES_ERROR;
				CLANG_WARN_DOCUMENTATION_COMMENTS = YES;
				CLANG_WARN_EMPTY_BODY = YES;
				CLANG_WARN_ENUM_CONVERSION = YES;
				CLANG_WARN_INFINITE_RECURSION = YES;
				CLANG_WARN_INT_CONVERSION = YES;
				CLANG_WARN_NON_LITERAL_NULL_CONVERSION = YES;
				CLANG_WARN_OBJC_IMPLICIT_RETAIN_SELF = YES;
				CLANG_WARN_OBJC_LITERAL_CONVERSION = YES;
				CLANG_WARN_OBJC_ROOT_CLASS = YES_ERROR;
				CLANG_WARN_QUOTED_INCLUDE_IN_FRAMEWORK_HEADER = YES;
				CLANG_WARN_RANGE_LOOP_ANALYSIS = YES;
				CLANG_WARN_STRICT_PROTOTYPES = YES;
				CLANG_WARN_SUSPICIOUS_MOVE = YES;
				CLANG_WARN_UNGUARDED_AVAILABILITY = YES_AGGRESSIVE;
				CLANG_WARN_UNREACHABLE_CODE = YES;
				CLANG_WARN__DUPLICATE_METHOD_MATCH = YES;
				COPY_PHASE_STRIP = NO;
				DEBUG_INFORMATION_FORMAT = "dwarf-with-dsym";
				ENABLE_NS_ASSERTIONS = NO;
				ENABLE_STRICT_OBJC_MSGSEND = YES;
				GCC_C_LANGUAGE_STANDARD = gnu11;
				GCC_NO_COMMON_BLOCKS = YES;
				GCC_WARN_64_TO_32_BIT_CONVERSION = YES;
				GCC_WARN_ABOUT_RETURN_TYPE = YES_ERROR;
				GCC_WARN_UNDECLARED_SELECTOR = YES;
				GCC_WARN_UNINITIALIZED_AUTOS = YES_AGGRESSIVE;
				GCC_WARN_UNUSED_FUNCTION = YES;
				GCC_WARN_UNUSED_VARIABLE = YES;
				IPHONEOS_DEPLOYMENT_TARGET = 16.0;
				MTL_ENABLE_DEBUG_INFO = NO;
				MTL_FAST_MATH = YES;
				SDKROOT = iphoneos;
				SWIFT_COMPILATION_MODE = wholemodule;
				SWIFT_OPTIMIZATION_LEVEL = "-O";
				VALIDATE_PRODUCT = YES;
			};
			name = Release;
		};
		99E0D20E2907518400A7D6B7 /* Debug */ = {
			isa = XCBuildConfiguration;
			buildSettings = {
				ASSETCATALOG_COMPILER_APPICON_NAME = AppIcon;
				ASSETCATALOG_COMPILER_GLOBAL_ACCENT_COLOR_NAME = AccentColor;
				CODE_SIGN_STYLE = Automatic;
				CURRENT_PROJECT_VERSION = 1;
				DEVELOPMENT_TEAM = 5Q3CLN5Y6Q;
				FRAMEWORK_SEARCH_PATHS = (
					"$(inherited)",
					"$(PROJECT_DIR)/GoogleMaps-7.1.0-beta/GoogleMaps.xcframework/ios-arm64_x86_64-simulator",
				);
				GENERATE_INFOPLIST_FILE = YES;
				INFOPLIST_FILE = Guide/Info.plist;
				INFOPLIST_KEY_NSLocationWhenInUseUsageDescription = "We need location services turned on for this app to guide you to the nearest NYC Subway";
				INFOPLIST_KEY_UIApplicationSupportsIndirectInputEvents = YES;
				INFOPLIST_KEY_UILaunchStoryboardName = LaunchScreen;
				INFOPLIST_KEY_UISupportedInterfaceOrientations_iPad = "UIInterfaceOrientationPortrait UIInterfaceOrientationPortraitUpsideDown UIInterfaceOrientationLandscapeLeft UIInterfaceOrientationLandscapeRight";
				INFOPLIST_KEY_UISupportedInterfaceOrientations_iPhone = "UIInterfaceOrientationPortrait UIInterfaceOrientationLandscapeLeft UIInterfaceOrientationLandscapeRight";
				IPHONEOS_DEPLOYMENT_TARGET = 15.0;
				LD_RUNPATH_SEARCH_PATHS = (
					"$(inherited)",
					"@executable_path/Frameworks",
				);
				MARKETING_VERSION = 1.0;
				OTHER_LDFLAGS = "-ObjC";
				PRODUCT_BUNDLE_IDENTIFIER = FullMetalFistApps.TransitGuide;
				PRODUCT_NAME = "$(TARGET_NAME)";
				SWIFT_EMIT_LOC_STRINGS = YES;
				SWIFT_VERSION = 5.0;
				TARGETED_DEVICE_FAMILY = "1,2";
			};
			name = Debug;
		};
		99E0D20F2907518400A7D6B7 /* Release */ = {
			isa = XCBuildConfiguration;
			buildSettings = {
				ASSETCATALOG_COMPILER_APPICON_NAME = AppIcon;
				ASSETCATALOG_COMPILER_GLOBAL_ACCENT_COLOR_NAME = AccentColor;
				CODE_SIGN_STYLE = Automatic;
				CURRENT_PROJECT_VERSION = 1;
				DEVELOPMENT_TEAM = 5Q3CLN5Y6Q;
				FRAMEWORK_SEARCH_PATHS = (
					"$(inherited)",
					"$(PROJECT_DIR)/GoogleMaps-7.1.0-beta/GoogleMaps.xcframework/ios-arm64_x86_64-simulator",
				);
				GENERATE_INFOPLIST_FILE = YES;
				INFOPLIST_FILE = Guide/Info.plist;
				INFOPLIST_KEY_NSLocationWhenInUseUsageDescription = "We need location services turned on for this app to guide you to the nearest NYC Subway";
				INFOPLIST_KEY_UIApplicationSupportsIndirectInputEvents = YES;
				INFOPLIST_KEY_UILaunchStoryboardName = LaunchScreen;
				INFOPLIST_KEY_UISupportedInterfaceOrientations_iPad = "UIInterfaceOrientationPortrait UIInterfaceOrientationPortraitUpsideDown UIInterfaceOrientationLandscapeLeft UIInterfaceOrientationLandscapeRight";
				INFOPLIST_KEY_UISupportedInterfaceOrientations_iPhone = "UIInterfaceOrientationPortrait UIInterfaceOrientationLandscapeLeft UIInterfaceOrientationLandscapeRight";
				IPHONEOS_DEPLOYMENT_TARGET = 15.0;
				LD_RUNPATH_SEARCH_PATHS = (
					"$(inherited)",
					"@executable_path/Frameworks",
				);
				MARKETING_VERSION = 1.0;
				OTHER_LDFLAGS = "-ObjC";
				PRODUCT_BUNDLE_IDENTIFIER = FullMetalFistApps.TransitGuide;
				PRODUCT_NAME = "$(TARGET_NAME)";
				SWIFT_EMIT_LOC_STRINGS = YES;
				SWIFT_VERSION = 5.0;
				TARGETED_DEVICE_FAMILY = "1,2";
			};
			name = Release;
		};
		99E0D2112907518400A7D6B7 /* Debug */ = {
			isa = XCBuildConfiguration;
			buildSettings = {
				ALWAYS_EMBED_SWIFT_STANDARD_LIBRARIES = YES;
				BUNDLE_LOADER = "$(TEST_HOST)";
				CODE_SIGN_STYLE = Automatic;
				CURRENT_PROJECT_VERSION = 1;
				DEVELOPMENT_TEAM = 5Q3CLN5Y6Q;
				GENERATE_INFOPLIST_FILE = YES;
				IPHONEOS_DEPLOYMENT_TARGET = 16.0;
				MARKETING_VERSION = 1.0;
				PRODUCT_BUNDLE_IDENTIFIER = FullMetalFistApps.GuideTests;
				PRODUCT_NAME = "$(TARGET_NAME)";
				SWIFT_EMIT_LOC_STRINGS = NO;
				SWIFT_VERSION = 5.0;
				TARGETED_DEVICE_FAMILY = "1,2";
				TEST_HOST = "$(BUILT_PRODUCTS_DIR)/Guide.app/$(BUNDLE_EXECUTABLE_FOLDER_PATH)/Guide";
			};
			name = Debug;
		};
		99E0D2122907518400A7D6B7 /* Release */ = {
			isa = XCBuildConfiguration;
			buildSettings = {
				ALWAYS_EMBED_SWIFT_STANDARD_LIBRARIES = YES;
				BUNDLE_LOADER = "$(TEST_HOST)";
				CODE_SIGN_STYLE = Automatic;
				CURRENT_PROJECT_VERSION = 1;
				DEVELOPMENT_TEAM = 5Q3CLN5Y6Q;
				GENERATE_INFOPLIST_FILE = YES;
				IPHONEOS_DEPLOYMENT_TARGET = 16.0;
				MARKETING_VERSION = 1.0;
				PRODUCT_BUNDLE_IDENTIFIER = FullMetalFistApps.GuideTests;
				PRODUCT_NAME = "$(TARGET_NAME)";
				SWIFT_EMIT_LOC_STRINGS = NO;
				SWIFT_VERSION = 5.0;
				TARGETED_DEVICE_FAMILY = "1,2";
				TEST_HOST = "$(BUILT_PRODUCTS_DIR)/Guide.app/$(BUNDLE_EXECUTABLE_FOLDER_PATH)/Guide";
			};
			name = Release;
		};
		99E0D2142907518400A7D6B7 /* Debug */ = {
			isa = XCBuildConfiguration;
			buildSettings = {
				ALWAYS_EMBED_SWIFT_STANDARD_LIBRARIES = YES;
				CODE_SIGN_STYLE = Automatic;
				CURRENT_PROJECT_VERSION = 1;
				DEVELOPMENT_TEAM = 5Q3CLN5Y6Q;
				GENERATE_INFOPLIST_FILE = YES;
				MARKETING_VERSION = 1.0;
				PRODUCT_BUNDLE_IDENTIFIER = FullMetalFistApps.GuideUITests;
				PRODUCT_NAME = "$(TARGET_NAME)";
				SWIFT_EMIT_LOC_STRINGS = NO;
				SWIFT_VERSION = 5.0;
				TARGETED_DEVICE_FAMILY = "1,2";
				TEST_TARGET_NAME = Guide;
			};
			name = Debug;
		};
		99E0D2152907518400A7D6B7 /* Release */ = {
			isa = XCBuildConfiguration;
			buildSettings = {
				ALWAYS_EMBED_SWIFT_STANDARD_LIBRARIES = YES;
				CODE_SIGN_STYLE = Automatic;
				CURRENT_PROJECT_VERSION = 1;
				DEVELOPMENT_TEAM = 5Q3CLN5Y6Q;
				GENERATE_INFOPLIST_FILE = YES;
				MARKETING_VERSION = 1.0;
				PRODUCT_BUNDLE_IDENTIFIER = FullMetalFistApps.GuideUITests;
				PRODUCT_NAME = "$(TARGET_NAME)";
				SWIFT_EMIT_LOC_STRINGS = NO;
				SWIFT_VERSION = 5.0;
				TARGETED_DEVICE_FAMILY = "1,2";
				TEST_TARGET_NAME = Guide;
			};
			name = Release;
		};
/* End XCBuildConfiguration section */

/* Begin XCConfigurationList section */
		99E0D1DE2907518300A7D6B7 /* Build configuration list for PBXProject "Guide" */ = {
			isa = XCConfigurationList;
			buildConfigurations = (
				99E0D20B2907518400A7D6B7 /* Debug */,
				99E0D20C2907518400A7D6B7 /* Release */,
			);
			defaultConfigurationIsVisible = 0;
			defaultConfigurationName = Release;
		};
		99E0D20D2907518400A7D6B7 /* Build configuration list for PBXNativeTarget "Guide" */ = {
			isa = XCConfigurationList;
			buildConfigurations = (
				99E0D20E2907518400A7D6B7 /* Debug */,
				99E0D20F2907518400A7D6B7 /* Release */,
			);
			defaultConfigurationIsVisible = 0;
			defaultConfigurationName = Release;
		};
		99E0D2102907518400A7D6B7 /* Build configuration list for PBXNativeTarget "GuideTests" */ = {
			isa = XCConfigurationList;
			buildConfigurations = (
				99E0D2112907518400A7D6B7 /* Debug */,
				99E0D2122907518400A7D6B7 /* Release */,
			);
			defaultConfigurationIsVisible = 0;
			defaultConfigurationName = Release;
		};
		99E0D2132907518400A7D6B7 /* Build configuration list for PBXNativeTarget "GuideUITests" */ = {
			isa = XCConfigurationList;
			buildConfigurations = (
				99E0D2142907518400A7D6B7 /* Debug */,
				99E0D2152907518400A7D6B7 /* Release */,
			);
			defaultConfigurationIsVisible = 0;
			defaultConfigurationName = Release;
		};
/* End XCConfigurationList section */

/* Begin XCRemoteSwiftPackageReference section */
		99936C06291F09B100D6817C /* XCRemoteSwiftPackageReference "google-maps-ios-utils" */ = {
			isa = XCRemoteSwiftPackageReference;
			repositoryURL = "https://github.com/googlemaps/google-maps-ios-utils.git";
			requirement = {
				kind = upToNextMinorVersion;
				minimumVersion = 4.1.0;
			};
		};
/* End XCRemoteSwiftPackageReference section */

/* Begin XCSwiftPackageProductDependency section */
		99936C07291F09B100D6817C /* GoogleMapsUtils */ = {
			isa = XCSwiftPackageProductDependency;
			package = 99936C06291F09B100D6817C /* XCRemoteSwiftPackageReference "google-maps-ios-utils" */;
			productName = GoogleMapsUtils;
		};
/* End XCSwiftPackageProductDependency section */
	};
	rootObject = 99E0D1DB2907518300A7D6B7 /* Project object */;
}
